
Microsoft Visual Studio Solution File, Format Version 12.00
# Visual Studio Version 17
VisualStudioVersion = 17.10.35013.160
MinimumVisualStudioVersion = 10.0.40219.1
Project("{FAE04EC0-301F-11D3-BF4B-00C04F79EFBC}") = "C Sharp HOL Part 1 - LAB 1 - Tasks", "C Sharp HOL Part 1 - LAB 1 - Tasks\C Sharp HOL Part 1 - LAB 1 - Tasks.csproj", "{118CCCDF-ACB6-4B2B-B602-351218CC927D}"
EndProject
Global
	GlobalSection(SolutionConfigurationPlatforms) = preSolution
		Debug|Any CPU = Debug|Any CPU
		Release|Any CPU = Release|Any CPU
	EndGlobalSection
	GlobalSection(ProjectConfigurationPlatforms) = postSolution
		{118CCCDF-ACB6-4B2B-B602-351218CC927D}.Debug|Any CPU.ActiveCfg = Debug|Any CPU
		{118CCCDF-ACB6-4B2B-B602-351218CC927D}.Debug|Any CPU.Build.0 = Debug|Any CPU
		{118CCCDF-ACB6-4B2B-B602-351218CC927D}.Release|Any CPU.ActiveCfg = Release|Any CPU
		{118CCCDF-ACB6-4B2B-B602-351218CC927D}.Release|Any CPU.Build.0 = Release|Any CPU
	EndGlobalSection
	GlobalSection(SolutionProperties) = preSolution
		HideSolutionNode = FALSE
	EndGlobalSection
	GlobalSection(ExtensibilityGlobals) = postSolution
		SolutionGuid = {84E8AFEE-02B5-419E-AEA8-C5EA6D0CB465}
	EndGlobalSection
EndGlobal
