
Microsoft Visual Studio Solution File, Format Version 12.00
# Visual Studio Version 17
VisualStudioVersion = 17.10.35013.160
MinimumVisualStudioVersion = 10.0.40219.1
Project("{FAE04EC0-301F-11D3-BF4B-00C04F79EFBC}") = "C Sharp Assign 2 - LAB 1  - Q2 - ProductMock", "C Sharp Assign 2 - LAB 1  - Q2 - ProductMock\C Sharp Assign 2 - LAB 1  - Q2 - ProductMock.csproj", "{7EB3B1FA-3322-46B1-8844-0CAD9C74ED17}"
EndProject
Global
	GlobalSection(SolutionConfigurationPlatforms) = preSolution
		Debug|Any CPU = Debug|Any CPU
		Release|Any CPU = Release|Any CPU
	EndGlobalSection
	GlobalSection(ProjectConfigurationPlatforms) = postSolution
		{7EB3B1FA-3322-46B1-8844-0CAD9C74ED17}.Debug|Any CPU.ActiveCfg = Debug|Any CPU
		{7EB3B1FA-3322-46B1-8844-0CAD9C74ED17}.Debug|Any CPU.Build.0 = Debug|Any CPU
		{7EB3B1FA-3322-46B1-8844-0CAD9C74ED17}.Release|Any CPU.ActiveCfg = Release|Any CPU
		{7EB3B1FA-3322-46B1-8844-0CAD9C74ED17}.Release|Any CPU.Build.0 = Release|Any CPU
	EndGlobalSection
	GlobalSection(SolutionProperties) = preSolution
		HideSolutionNode = FALSE
	EndGlobalSection
	GlobalSection(ExtensibilityGlobals) = postSolution
		SolutionGuid = {D38D9C5A-4468-4860-926B-264DF42C564D}
	EndGlobalSection
EndGlobal
