
Microsoft Visual Studio Solution File, Format Version 12.00
# Visual Studio Version 17
VisualStudioVersion = 17.10.35013.160
MinimumVisualStudioVersion = 10.0.40219.1
Project("{FAE04EC0-301F-11D3-BF4B-00C04F79EFBC}") = "C Sharp Assign 2 - Lab 6 - Q2 - DeSerialize", "C Sharp Assign 2 - Lab 6 - Q2 - DeSerialize\C Sharp Assign 2 - Lab 6 - Q2 - DeSerialize.csproj", "{EFAAF926-4AFD-468B-8DA9-CF518DA9A9A6}"
EndProject
Global
	GlobalSection(SolutionConfigurationPlatforms) = preSolution
		Debug|Any CPU = Debug|Any CPU
		Release|Any CPU = Release|Any CPU
	EndGlobalSection
	GlobalSection(ProjectConfigurationPlatforms) = postSolution
		{EFAAF926-4AFD-468B-8DA9-CF518DA9A9A6}.Debug|Any CPU.ActiveCfg = Debug|Any CPU
		{EFAAF926-4AFD-468B-8DA9-CF518DA9A9A6}.Debug|Any CPU.Build.0 = Debug|Any CPU
		{EFAAF926-4AFD-468B-8DA9-CF518DA9A9A6}.Release|Any CPU.ActiveCfg = Release|Any CPU
		{EFAAF926-4AFD-468B-8DA9-CF518DA9A9A6}.Release|Any CPU.Build.0 = Release|Any CPU
	EndGlobalSection
	GlobalSection(SolutionProperties) = preSolution
		HideSolutionNode = FALSE
	EndGlobalSection
	GlobalSection(ExtensibilityGlobals) = postSolution
		SolutionGuid = {0D0A7319-A2FE-4CA2-9218-66F460A78CAA}
	EndGlobalSection
EndGlobal
