
Microsoft Visual Studio Solution File, Format Version 12.00
# Visual Studio Version 17
VisualStudioVersion = 17.10.35013.160
MinimumVisualStudioVersion = 10.0.40219.1
Project("{FAE04EC0-301F-11D3-BF4B-00C04F79EFBC}") = "C Sharp Assign 2 - Lab 5 - StreamReader", "C Sharp Assign 2 - Lab 5 - StreamReader\C Sharp Assign 2 - Lab 5 - StreamReader.csproj", "{A57C8890-89F0-4E46-9278-ECDB2AA58D60}"
EndProject
Global
	GlobalSection(SolutionConfigurationPlatforms) = preSolution
		Debug|Any CPU = Debug|Any CPU
		Release|Any CPU = Release|Any CPU
	EndGlobalSection
	GlobalSection(ProjectConfigurationPlatforms) = postSolution
		{A57C8890-89F0-4E46-9278-ECDB2AA58D60}.Debug|Any CPU.ActiveCfg = Debug|Any CPU
		{A57C8890-89F0-4E46-9278-ECDB2AA58D60}.Debug|Any CPU.Build.0 = Debug|Any CPU
		{A57C8890-89F0-4E46-9278-ECDB2AA58D60}.Release|Any CPU.ActiveCfg = Release|Any CPU
		{A57C8890-89F0-4E46-9278-ECDB2AA58D60}.Release|Any CPU.Build.0 = Release|Any CPU
	EndGlobalSection
	GlobalSection(SolutionProperties) = preSolution
		HideSolutionNode = FALSE
	EndGlobalSection
	GlobalSection(ExtensibilityGlobals) = postSolution
		SolutionGuid = {5FA4658D-F17C-4DA6-89FB-BC3D9A0E3111}
	EndGlobalSection
EndGlobal
